{"is_source_file": false, "format": "", "description": "", "external_files": [], "external_methods": [], "published": [], "classes": [], "methods": [], "calls": [], "search-terms": [], "state": 2, "file_id": 4, "knowledge_revision": 30, "git_revision": "475a8d6b88cec2bbedfb9a71f1421af73e34ebe5", "hash": "9c4ed7ef73e22b872b8055bec08b8979", "format-version": 4, "code-base-name": "default", "filename": "tic_tac_toe/post_process_status.lock", "revision_history": [{"30": "475a8d6b88cec2bbedfb9a71f1421af73e34ebe5"}]}